
Microsoft Visual Studio Solution File, Format Version 12.00
# Visual Studio Version 16
VisualStudioVersion = 16.0.28803.352
MinimumVisualStudioVersion = 10.0.40219.1
Project("{888888A0-9F3D-457C-B088-3A5042F75D52}") = "ML Final", "ML Final.pyproj", "{723408AE-EA67-4B82-8FF3-0CC2E2F40350}"
EndProject
Global
	GlobalSection(SolutionConfigurationPlatforms) = preSolution
		Debug|Any CPU = Debug|Any CPU
		Release|Any CPU = Release|Any CPU
	EndGlobalSection
	GlobalSection(ProjectConfigurationPlatforms) = postSolution
		{723408AE-EA67-4B82-8FF3-0CC2E2F40350}.Debug|Any CPU.ActiveCfg = Debug|Any CPU
		{723408AE-EA67-4B82-8FF3-0CC2E2F40350}.Release|Any CPU.ActiveCfg = Release|Any CPU
	EndGlobalSection
	GlobalSection(SolutionProperties) = preSolution
		HideSolutionNode = FALSE
	EndGlobalSection
	GlobalSection(ExtensibilityGlobals) = postSolution
		SolutionGuid = {6EF2ABB6-991F-475D-89B8-D89003EC05E0}
	EndGlobalSection
EndGlobal
